
Microsoft Visual Studio Solution File, Format Version 12.00
# Visual Studio Version 17
VisualStudioVersion = 17.10.35027.167
MinimumVisualStudioVersion = 10.0.40219.1
Project("{FAE04EC0-301F-11D3-BF4B-00C04F79EFBC}") = "atyarışı", "atyarışı\atyarışı.csproj", "{952A4E12-088F-42B0-A050-CDAA4DA441E3}"
EndProject
Global
	GlobalSection(SolutionConfigurationPlatforms) = preSolution
		Debug|Any CPU = Debug|Any CPU
		Release|Any CPU = Release|Any CPU
	EndGlobalSection
	GlobalSection(ProjectConfigurationPlatforms) = postSolution
		{952A4E12-088F-42B0-A050-CDAA4DA441E3}.Debug|Any CPU.ActiveCfg = Debug|Any CPU
		{952A4E12-088F-42B0-A050-CDAA4DA441E3}.Debug|Any CPU.Build.0 = Debug|Any CPU
		{952A4E12-088F-42B0-A050-CDAA4DA441E3}.Release|Any CPU.ActiveCfg = Release|Any CPU
		{952A4E12-088F-42B0-A050-CDAA4DA441E3}.Release|Any CPU.Build.0 = Release|Any CPU
	EndGlobalSection
	GlobalSection(SolutionProperties) = preSolution
		HideSolutionNode = FALSE
	EndGlobalSection
	GlobalSection(ExtensibilityGlobals) = postSolution
		SolutionGuid = {2B086505-5595-4B91-BC26-27873669E12B}
	EndGlobalSection
EndGlobal
